
Microsoft Visual Studio Solution File, Format Version 12.00
# Visual Studio Version 16
VisualStudioVersion = 16.0.30204.135
MinimumVisualStudioVersion = 10.0.40219.1
Project("{FAE04EC0-301F-11D3-BF4B-00C04F79EFBC}") = "BattleSimulator", "BattleSimulator\BattleSimulator.csproj", "{8DAB234E-1E53-425B-AACE-E81E75B21425}"
EndProject
Global
	GlobalSection(SolutionConfigurationPlatforms) = preSolution
		Debug|Any CPU = Debug|Any CPU
		Release|Any CPU = Release|Any CPU
	EndGlobalSection
	GlobalSection(ProjectConfigurationPlatforms) = postSolution
		{8DAB234E-1E53-425B-AACE-E81E75B21425}.Debug|Any CPU.ActiveCfg = Debug|Any CPU
		{8DAB234E-1E53-425B-AACE-E81E75B21425}.Debug|Any CPU.Build.0 = Debug|Any CPU
		{8DAB234E-1E53-425B-AACE-E81E75B21425}.Release|Any CPU.ActiveCfg = Release|Any CPU
		{8DAB234E-1E53-425B-AACE-E81E75B21425}.Release|Any CPU.Build.0 = Release|Any CPU
	EndGlobalSection
	GlobalSection(SolutionProperties) = preSolution
		HideSolutionNode = FALSE
	EndGlobalSection
	GlobalSection(ExtensibilityGlobals) = postSolution
		SolutionGuid = {4815C815-9070-42C9-AEC7-03BB674F878A}
	EndGlobalSection
EndGlobal
